schema: '2.0'
stages:
  feature_engineering:
    cmd: python src/feature_engineering.py
    deps:
    - path: data/raw/WA_Fn-UseC_-Telco-Customer-Churn.csv
      hash: md5
      md5: 0f9de68e012bd3aed5fa7cdc9fc421af
      size: 977501
    - path: src/feature_engineering.py
      hash: md5
      md5: 10a790f168d4c1dbf24533c8a3a2a3db
      size: 2963
    params:
      params.yaml:
        random_state: 42
        test_size: 0.2
    outs:
    - path: data/processed/processed_data_X_test.csv
      hash: md5
      md5: 90abcaaaabef775072361125794ffe9d
      size: 332322
    - path: data/processed/processed_data_X_train.csv
      hash: md5
      md5: 26e229c74068a116d6de9504da8f6c37
      size: 1326439
    - path: data/processed/processed_data_y_test.csv
      hash: md5
      md5: 201501840c586317ad0f805ea0d84683
      size: 4234
    - path: data/processed/processed_data_y_train.csv
      hash: md5
      md5: 926d3a60b321ffecd9e602d5d259a705
      size: 16909
  train:
    cmd: python src/train.py
    deps:
    - path: data/processed/processed_data_X_train.csv
      hash: md5
      md5: 26e229c74068a116d6de9504da8f6c37
      size: 1326439
    - path: data/processed/processed_data_y_train.csv
      hash: md5
      md5: 926d3a60b321ffecd9e602d5d259a705
      size: 16909
    - path: src/train.py
      hash: md5
      md5: 4fd9b429bb4f757f60cbd882b875ffaa
      size: 3546
    params:
      params.yaml:
        lightgbm:
          n_estimators: 100
          max_depth: 6
          learning_rate: 0.1
          subsample: 0.8
        logistic_regression:
          C: 1.0
          max_iter: 100
        xgboost:
          n_estimators: 100
          max_depth: 6
          learning_rate: 0.1
          subsample: 0.8
  evaluate:
    cmd: python src/evaluate.py
    deps:
    - path: data/processed/processed_data_X_test.csv
      hash: md5
      md5: 90abcaaaabef775072361125794ffe9d
      size: 332322
    - path: data/processed/processed_data_y_test.csv
      hash: md5
      md5: 201501840c586317ad0f805ea0d84683
      size: 4234
    - path: src/evaluate.py
      hash: md5
      md5: 0d230cd651ce29e354bdb547e4801082
      size: 4215
    outs:
    - path: evaluation_results/confusion_matrix_Logistic_Regression.png
      hash: md5
      md5: be3bb97889b5eb7b9ff0ca8b33aada6c
      size: 22881
    - path: evaluation_results/metrics_Logistic_Regression.json
      hash: md5
      md5: 0b40f28c144b1de8eec7c208f54e85cd
      size: 77
