schema: '2.0'
stages:
  feature_engineering:
    cmd: python src/feature_engineering.py
    deps:
    - path: data/raw/WA_Fn-UseC_-Telco-Customer-Churn.csv
      hash: md5
      md5: 0f9de68e012bd3aed5fa7cdc9fc421af
      size: 977501
    - path: src/feature_engineering.py
      hash: md5
      md5: 8a2917426972593b95ce5dc35731be69
      size: 2901
    params:
      params.yaml:
        random_state: 42
        test_size: 0.2
    outs:
    - path: data/processed/processed_data_X_test.csv
      hash: md5
      md5: 4bfec5c4d2c4c96f4a2e301425081974
      size: 330912
    - path: data/processed/processed_data_X_train.csv
      hash: md5
      md5: 2c6a7e8e73716e7c4aa4e177eaae99ea
      size: 1320804
    - path: data/processed/processed_data_y_test.csv
      hash: md5
      md5: 484f0cd70ef86d3ec5fb1090c528e721
      size: 2824
    - path: data/processed/processed_data_y_train.csv
      hash: md5
      md5: 68e89d85327cac3278efca0a39e8672a
      size: 11274
